github.com/Masterminds/semver/v3 v3.4.0 h1:Zog+i5UMtVoCU8oKka5P7i9q9HgrJeGzI9SA1Xbatp0=
github.com/Masterminds/semver/v3 v3.4.0/go.mod h1:4V+yj/TJE1HU9XfppCwVMZq3I84lprf4nC11bSS5beM=
github.com/arisu-archive/arona-flatbuffers v0.10.0 h1:hG84sP1motIIm6Zc0hyRpqZa8gRIRJoNzMu3aI/3qdc=
github.com/arisu-archive/arona-flatbuffers v0.10.0/go.mod h1:kYLvMerNFqiYAtEhYYq2hzl2UJmr8mNvMkfxDpLtZ6w=
github.com/arisu-archive/arona-protos v1.7.0 h1:D3LnvlYTwNa9Y/VHDAALHjhCss9dIUNjGqGkLVsjuH0=
github.com/arisu-archive/arona-protos v1.7.0/go.mod h1:3sHWG96k35hZ6v7Qj1dk5bcvwChEaq67U9zj5DBXqoQ=
github.com/arisu-archive/bluearchive-fbs-utils v0.0.0-20260501232406-c0b3ccdb8eaa h1:g9JIeO1WB0oyfbmvADNtJgYsFqnm1HkT53qwn6/klak=
github.com/arisu-archive/bluearchive-fbs-utils v0.0.0-20260501232406-c0b3ccdb8eaa/go.mod h1:xVV8J56yx9gEu5a4x/zDMWpYyHuaoKT1pGoVA1za5X8=
github.com/arisu-archive/mapx v1.1.0 h1:P64Cm983i6WhGPiy9m/zHRys08/MRpvwdy/eRgDxoQ8=
github.com/arisu-archive/mapx v1.1.0/go.mod h1:5LgeqXk+dI+G0pVFd6e9W0XN4OZNnNt04mb2MsBmAX0=
github.com/arisu-archive/plana-flatbuffers v0.12.0 h1:4SNzO/8qKPihAau9twJuenJgInEWSI/Er40x+DEeVLQ=
github.com/arisu-archive/plana-flatbuffers v0.12.0/go.mod h1:/i8VboSMyXn1V2XVQCFR5XjEXCxBrTKD9QZSQ98bMcE=
github.com/arisu-archive/plana-protos v1.5.4 h1:GqchsG7rgIHh1pxmmuq41ZsnDR6RKFy0u/+dPqItzkU=
github.com/arisu-archive/plana-protos v1.5.4/go.mod h1:ZMunuxJj7l7walBPk6IA7gJ4BTSV1h1Wbmb00id/KXU=
github.com/cpuguy83/go-md2man/v2 v2.0.6/go.mod h1:oOW0eioCTA6cOiMLiUPZOpcVxMig6NIQQ7OS05n1F4g=
github.com/go-logr/logr v1.4.3 h1:CjnDlHq8ikf6E492q6eKboGOC0T8CDaOvkHCIg8idEI=
github.com/go-logr/logr v1.4.3/go.mod h1:9T104GzyrTigFIr8wt5mBrctHMim0Nb2HLGrmQ40KvY=
github.com/go-task/slim-sprig/v3 v3.0.0 h1:sUs3vkvUymDpBKi3qH1YSqBQk9+9D/8M2mN1vB6EwHI=
github.com/go-task/slim-sprig/v3 v3.0.0/go.mod h1:W848ghGpv3Qj3dhTPRyJypKRiqCdHZiAzKg9hl15HA8=
github.com/google/flatbuffers v25.12.19+incompatible h1:haMV2JRRJCe1998HeW/p0X9UaMTK6SDo0ffLn2+DbLs=
github.com/google/flatbuffers v25.12.19+incompatible/go.mod h1:1AeVuKshWv4vARoZatz6mlQ0JxURH0Kv5+zNeJKJCa8=
github.com/google/go-cmp v0.7.0 h1:wk8382ETsv4JYUZwIsn6YpYiWiBsYLSJiTsyBybVuN8=
github.com/google/go-cmp v0.7.0/go.mod h1:pXiqmnSA92OHEEa9HXL2W4E7lf9JzCmGVUdgjX3N/iU=
github.com/google/pprof v0.0.0-20260402051712-545e8a4df936 h1:EwtI+Al+DeppwYX2oXJCETMO23COyaKGP6fHVpkpWpg=
github.com/google/pprof v0.0.0-20260402051712-545e8a4df936/go.mod h1:MxpfABSjhmINe3F1It9d+8exIHFvUqtLIRCdOGNXqiI=
github.com/inconshreveable/mousetrap v1.1.0 h1:wN+x4NVGpMsO7ErUn/mUI3vEoE6Jt13X2s0bqwp9tc8=
github.com/inconshreveable/mousetrap v1.1.0/go.mod h1:vpF70FUmC8bwa3OWnCshd2FqLfsEA9PFc4w1p2J65bw=
github.com/onsi/ginkgo/v2 v2.28.3 h1:4JvMdwtFU0imd8fHx25OJXoDMRexnf8v5NHKYSTTji4=
github.com/onsi/ginkgo/v2 v2.28.3/go.mod h1:+aXOY+vzZ5mu2iI2HpTZUPmM//oQfsNFX6gU9kNcA44=
github.com/onsi/gomega v1.40.0 h1:Vtol0e1MghCD2ZVIilPDIg44XSL9l2QAn8ZNaljWcJc=
github.com/onsi/gomega v1.40.0/go.mod h1:M/Uqpu/8qTjtzCLUA2zJHX9Iilrau25x1PdoSRbWh5A=
github.com/russross/blackfriday/v2 v2.1.0/go.mod h1:+Rmxgy9KzJVeS9/2gXHxylqXiyQDYRxCVz55jmeOWTM=
github.com/spf13/cobra v1.10.2 h1:DMTTonx5m65Ic0GOoRY2c16WCbHxOOw6xxezuLaBpcU=
github.com/spf13/cobra v1.10.2/go.mod h1:7C1pvHqHw5A4vrJfjNwvOdzYu0Gml16OCs2GRiTUUS4=
github.com/spf13/pflag v1.0.9/go.mod h1:McXfInJRrz4CZXVZOBLb0bTZqETkiAhM9Iw0y3An2Bg=
github.com/spf13/pflag v1.0.10 h1:4EBh2KAYBwaONj6b2Ye1GiHfwjqyROoF4RwYO+vPwFk=
github.com/spf13/pflag v1.0.10/go.mod h1:McXfInJRrz4CZXVZOBLb0bTZqETkiAhM9Iw0y3An2Bg=
github.com/unicorn-engine/unicorn v0.0.0-20250909163825-8028ec436f2d h1:+vMDz4OT/nY5zfzsiWlh1SWhD2UQpZqEZfj/zLd30Z8=
github.com/unicorn-engine/unicorn v0.0.0-20250909163825-8028ec436f2d/go.mod h1:mcHBrigWSHlMZYol9QOFnK7sbltIt/OaKP5CQBZsC+4=
go.yaml.in/yaml/v3 v3.0.4 h1:tfq32ie2Jv2UxXFdLJdh3jXuOzWiL1fo0bu/FbuKpbc=
go.yaml.in/yaml/v3 v3.0.4/go.mod h1:DhzuOOF2ATzADvBadXxruRBLzYTpT36CKvDb3+aBEFg=
golang.org/x/mod v0.35.0 h1:Ww1D637e6Pg+Zb2KrWfHQUnH2dQRLBQyAtpr/haaJeM=
golang.org/x/mod v0.35.0/go.mod h1:+GwiRhIInF8wPm+4AoT6L0FA1QWAad3OMdTRx4tFYlU=
golang.org/x/net v0.53.0 h1:d+qAbo5L0orcWAr0a9JweQpjXF19LMXJE8Ey7hwOdUA=
golang.org/x/net v0.53.0/go.mod h1:JvMuJH7rrdiCfbeHoo3fCQU24Lf5JJwT9W3sJFulfgs=
golang.org/x/sync v0.20.0 h1:e0PTpb7pjO8GAtTs2dQ6jYa5BWYlMuX047Dco/pItO4=
golang.org/x/sync v0.20.0/go.mod h1:9xrNwdLfx4jkKbNva9FpL6vEN7evnE43NNNJQ2LF3+0=
golang.org/x/sys v0.43.0 h1:Rlag2XtaFTxp19wS8MXlJwTvoh8ArU6ezoyFsMyCTNI=
golang.org/x/sys v0.43.0/go.mod h1:4GL1E5IUh+htKOUEOaiffhrAeqysfVGipDYzABqnCmw=
golang.org/x/text v0.36.0 h1:JfKh3XmcRPqZPKevfXVpI1wXPTqbkE5f7JA92a55Yxg=
golang.org/x/text v0.36.0/go.mod h1:NIdBknypM8iqVmPiuco0Dh6P5Jcdk8lJL0CUebqK164=
golang.org/x/tools v0.44.0 h1:UP4ajHPIcuMjT1GqzDWRlalUEoY+uzoZKnhOjbIPD2c=
golang.org/x/tools v0.44.0/go.mod h1:KA0AfVErSdxRZIsOVipbv3rQhVXTnlU6UhKxHd1seDI=
gopkg.in/check.v1 v0.0.0-20161208181325-20d25e280405/go.mod h1:Co6ibVJAznAaIkqp8huTwlJQCZ016jof/cbN4VW5Yz0=
